// !$*UTF8*$!
{
	archiveVersion = 1;
	classes = {
	};
	objectVersion = 46;
	objects = {

/* Begin PBXBuildFile section */
		914604041EC4AB74005760F1 /* AppDelegate.swift in Sources */ = {isa = PBXBuildFile; fileRef = 914604031EC4AB74005760F1 /* AppDelegate.swift */; };
		914604061EC4AB74005760F1 /* ViewController.swift in Sources */ = {isa = PBXBuildFile; fileRef = 914604051EC4AB74005760F1 /* ViewController.swift */; };
		914604091EC4AB74005760F1 /* Main.storyboard in Resources */ = {isa = PBXBuildFile; fileRef = 914604071EC4AB74005760F1 /* Main.storyboard */; };
		9146040B1EC4AB74005760F1 /* Assets.xcassets in Resources */ = {isa = PBXBuildFile; fileRef = 9146040A1EC4AB74005760F1 /* Assets.xcassets */; };
		9146040E1EC4AB74005760F1 /* LaunchScreen.storyboard in Resources */ = {isa = PBXBuildFile; fileRef = 9146040C1EC4AB74005760F1 /* LaunchScreen.storyboard */; };
		91E39D1C1ECB43F40056C3B4 /* CalculatorBrain.swift in Sources */ = {isa = PBXBuildFile; fileRef = 91E39D1B1ECB43F40056C3B4 /* CalculatorBrain.swift */; };
/* End PBXBuildFile section */

/* Begin PBXFileReference section */
		914604001EC4AB74005760F1 /* Calculator.app */ = {isa = PBXFileReference; explicitFileType = wrapper.application; includeInIndex = 0; path = Calculator.app; sourceTree = BUILT_PRODUCTS_DIR; };
		914604031EC4AB74005760F1 /* AppDelegate.swift */ = {isa = PBXFileReference; lastKnownFileType = sourcecode.swift; path = AppDelegate.swift; sourceTree = "<group>"; };
		914604051EC4AB74005760F1 /* ViewController.swift */ = {isa = PBXFileReference; lastKnownFileType = sourcecode.swift; path = ViewController.swift; sourceTree = "<group>"; };
		914604081EC4AB74005760F1 /* Base */ = {isa = PBXFileReference; lastKnownFileType = file.storyboard; name = Base; path = Base.lproj/Main.storyboard; sourceTree = "<group>"; };
		9146040A1EC4AB74005760F1 /* Assets.xcassets */ = {isa = PBXFileReference; lastKnownFileType = folder.assetcatalog; path = Assets.xcassets; sourceTree = "<group>"; };
		9146040D1EC4AB74005760F1 /* Base */ = {isa = PBXFileReference; lastKnownFileType = file.storyboard; name = Base; path = Base.lproj/LaunchScreen.storyboard; sourceTree = "<group>"; };
		9146040F1EC4AB74005760F1 /* Info.plist */ = {isa = PBXFileReference; lastKnownFileType = text.plist.xml; path = Info.plist; sourceTree = "<group>"; };
		91E39D1B1ECB43F40056C3B4 /* CalculatorBrain.swift */ = {isa = PBXFileReference; fileEncoding = 4; lastKnownFileType = sourcecode.swift; path = CalculatorBrain.swift; sourceTree = "<group>"; };
/* End PBXFileReference section */

/* Begin PBXFrameworksBuildPhase section */
		914603FD1EC4AB74005760F1 /* Frameworks */ = {
			isa = PBXFrameworksBuildPhase;
			buildActionMask = 2147483647;
			files = (
			);
			runOnlyForDeploymentPostprocessing = 0;
		};
/* End PBXFrameworksBuildPhase section */

/* Begin PBXGroup section */
		914603F71EC4AB74005760F1 = {
			isa = PBXGroup;
			children = (
				914604021EC4AB74005760F1 /* Calculator */,
				914604011EC4AB74005760F1 /* Products */,
			);
			sourceTree = "<group>";
		};
		914604011EC4AB74005760F1 /* Products */ = {
			isa = PBXGroup;
			children = (
				914604001EC4AB74005760F1 /* Calculator.app */,
			);
			name = Products;
			sourceTree = "<group>";
		};
		914604021EC4AB74005760F1 /* Calculator */ = {
			isa = PBXGroup;
			children = (
				914604051EC4AB74005760F1 /* ViewController.swift */,
				914604071EC4AB74005760F1 /* Main.storyboard */,
				91E39D1B1ECB43F40056C3B4 /* CalculatorBrain.swift */,
				914604151EC4AC1A005760F1 /* Supporting Files */,
			);
			path = Calculator;
			sourceTree = "<group>";
		};
		914604151EC4AC1A005760F1 /* Supporting Files */ = {
			isa = PBXGroup;
			children = (
				914604031EC4AB74005760F1 /* AppDelegate.swift */,
				9146040A1EC4AB74005760F1 /* Assets.xcassets */,
				9146040C1EC4AB74005760F1 /* LaunchScreen.storyboard */,
				9146040F1EC4AB74005760F1 /* Info.plist */,
			);
			name = "Supporting Files";
			sourceTree = "<group>";
		};
/* End PBXGroup section */

/* Begin PBXNativeTarget section */
		914603FF1EC4AB74005760F1 /* Calculator */ = {
			isa = PBXNativeTarget;
			buildConfigurationList = 914604121EC4AB74005760F1 /* Build configuration list for PBXNativeTarget "Calculator" */;
			buildPhases = (
				914603FC1EC4AB74005760F1 /* Sources */,
				914603FD1EC4AB74005760F1 /* Frameworks */,
				914603FE1EC4AB74005760F1 /* Resources */,
			);
			buildRules = (
			);
			dependencies = (
			);
			name = Calculator;
			productName = Calculator;
			productReference = 914604001EC4AB74005760F1 /* Calculator.app */;
			productType = "com.apple.product-type.application";
		};
/* End PBXNativeTarget section */

/* Begin PBXProject section */
		914603F81EC4AB74005760F1 /* Project object */ = {
			isa = PBXProject;
			attributes = {
				LastSwiftUpdateCheck = 0820;
				LastUpgradeCheck = 0820;
				ORGANIZATIONNAME = Bennett;
				TargetAttributes = {
					914603FF1EC4AB74005760F1 = {
						CreatedOnToolsVersion = 8.2.1;
						DevelopmentTeam = L6BTPYG3M7;
						ProvisioningStyle = Automatic;
					};
				};
			};
			buildConfigurationList = 914603FB1EC4AB74005760F1 /* Build configuration list for PBXProject "Calculator" */;
			compatibilityVersion = "Xcode 3.2";
			developmentRegion = English;
			hasScannedForEncodings = 0;
			knownRegions = (
				en,
				Base,
			);
			mainGroup = 914603F71EC4AB74005760F1;
			productRefGroup = 914604011EC4AB74005760F1 /* Products */;
			projectDirPath = "";
			projectRoot = "";
			targets = (
				914603FF1EC4AB74005760F1 /* Calculator */,
			);
		};
/* End PBXProject section */

/* Begin PBXResourcesBuildPhase section */
		914603FE1EC4AB74005760F1 /* Resources */ = {
			isa = PBXResourcesBuildPhase;
			buildActionMask = 2147483647;
			files = (
				9146040E1EC4AB74005760F1 /* LaunchScreen.storyboard in Resources */,
				9146040B1EC4AB74005760F1 /* Assets.xcassets in Resources */,
				914604091EC4AB74005760F1 /* Main.storyboard in Resources */,
			);
			runOnlyForDeploymentPostprocessing = 0;
		};
/* End PBXResourcesBuildPhase section */

/* Begin PBXSourcesBuildPhase section */
		914603FC1EC4AB74005760F1 /* Sources */ = {
			isa = PBXSourcesBuildPhase;
			buildActionMask = 2147483647;
			files = (
				91E39D1C1ECB43F40056C3B4 /* CalculatorBrain.swift in Sources */,
				914604061EC4AB74005760F1 /* ViewController.swift in Sources */,
				914604041EC4AB74005760F1 /* AppDelegate.swift in Sources */,
			);
			runOnlyForDeploymentPostprocessing = 0;
		};
/* End PBXSourcesBuildPhase section */

/* Begin PBXVariantGroup section */
		914604071EC4AB74005760F1 /* Main.storyboard */ = {
			isa = PBXVariantGroup;
			children = (
				914604081EC4AB74005760F1 /* Base */,
			);
			name = Main.storyboard;
			sourceTree = "<group>";
		};
		9146040C1EC4AB74005760F1 /* LaunchScreen.storyboard */ = {
			isa = PBXVariantGroup;
			children = (
				9146040D1EC4AB74005760F1 /* Base */,
			);
			name = LaunchScreen.storyboard;
			sourceTree = "<group>";
		};
/* End PBXVariantGroup section */

/* Begin XCBuildConfiguration section */
		914604101EC4AB74005760F1 /* Debug */ = {
			isa = XCBuildConfiguration;
			buildSettings = {
				ALWAYS_SEARCH_USER_PATHS = NO;
				CLANG_ANALYZER_NONNULL = YES;
				CLANG_CXX_LANGUAGE_STANDARD = "gnu++0x";
				CLANG_CXX_LIBRARY = "libc++";
				CLANG_ENABLE_MODULES = YES;
				CLANG_ENABLE_OBJC_ARC = YES;
				CLANG_WARN_BOOL_CONVERSION = YES;
				CLANG_WARN_CONSTANT_CONVERSION = YES;
				CLANG_WARN_DIRECT_OBJC_ISA_USAGE = YES_ERROR;
				CLANG_WARN_DOCUMENTATION_COMMENTS = YES;
				CLANG_WARN_EMPTY_BODY = YES;
				CLANG_WARN_ENUM_CONVERSION = YES;
				CLANG_WARN_INFINITE_RECURSION = YES;
				CLANG_WARN_INT_CONVERSION = YES;
				CLANG_WARN_OBJC_ROOT_CLASS = YES_ERROR;
				CLANG_WARN_SUSPICIOUS_MOVE = YES;
				CLANG_WARN_UNREACHABLE_CODE = YES;
				CLANG_WARN__DUPLICATE_METHOD_MATCH = YES;
				"CODE_SIGN_IDENTITY[sdk=iphoneos*]" = "iPhone Developer";
				COPY_PHASE_STRIP = NO;
				DEBUG_INFORMATION_FORMAT = dwarf;
				ENABLE_STRICT_OBJC_MSGSEND = YES;
				ENABLE_TESTABILITY = YES;
				GCC_C_LANGUAGE_STANDARD = gnu99;
				GCC_DYNAMIC_NO_PIC = NO;
				GCC_NO_COMMON_BLOCKS = YES;
				GCC_OPTIMIZATION_LEVEL = 0;
				GCC_PREPROCESSOR_DEFINITIONS = (
					"DEBUG=1",
					"$(inherited)",
				);
				GCC_WARN_64_TO_32_BIT_CONVERSION = YES;
				GCC_WARN_ABOUT_RETURN_TYPE = YES_ERROR;
				GCC_WARN_UNDECLARED_SELECTOR = YES;
				GCC_WARN_UNINITIALIZED_AUTOS = YES_AGGRESSIVE;
				GCC_WARN_UNUSED_FUNCTION = YES;
				GCC_WARN_UNUSED_VARIABLE = YES;
				IPHONEOS_DEPLOYMENT_TARGET = 10.2;
				MTL_ENABLE_DEBUG_INFO = YES;
				ONLY_ACTIVE_ARCH = YES;
				SDKROOT = iphoneos;
				SWIFT_ACTIVE_COMPILATION_CONDITIONS = DEBUG;
				SWIFT_OPTIMIZATION_LEVEL = "-Onone";
				TARGETED_DEVICE_FAMILY = "1,2";
			};
			name = Debug;
		};
		914604111EC4AB74005760F1 /* Release */ = {
			isa = XCBuildConfiguration;
			buildSettings = {
				ALWAYS_SEARCH_USER_PATHS = NO;
				CLANG_ANALYZER_NONNULL = YES;
				CLANG_CXX_LANGUAGE_STANDARD = "gnu++0x";
				CLANG_CXX_LIBRARY = "libc++";
				CLANG_ENABLE_MODULES = YES;
				CLANG_ENABLE_OBJC_ARC = YES;
				CLANG_WARN_BOOL_CONVERSION = YES;
				CLANG_WARN_CONSTANT_CONVERSION = YES;
				CLANG_WARN_DIRECT_OBJC_ISA_USAGE = YES_ERROR;
				CLANG_WARN_DOCUMENTATION_COMMENTS = YES;
				CLANG_WARN_EMPTY_BODY = YES;
				CLANG_WARN_ENUM_CONVERSION = YES;
				CLANG_WARN_INFINITE_RECURSION = YES;
				CLANG_WARN_INT_CONVERSION = YES;
				CLANG_WARN_OBJC_ROOT_CLASS = YES_ERROR;
				CLANG_WARN_SUSPICIOUS_MOVE = YES;
				CLANG_WARN_UNREACHABLE_CODE = YES;
				CLANG_WARN__DUPLICATE_METHOD_MATCH = YES;
				"CODE_SIGN_IDENTITY[sdk=iphoneos*]" = "iPhone Developer";
				COPY_PHASE_STRIP = NO;
				DEBUG_INFORMATION_FORMAT = "dwarf-with-dsym";
				ENABLE_NS_ASSERTIONS = NO;
				ENABLE_STRICT_OBJC_MSGSEND = YES;
				GCC_C_LANGUAGE_STANDARD = gnu99;
				GCC_NO_COMMON_BLOCKS = YES;
				GCC_WARN_64_TO_32_BIT_CONVERSION = YES;
				GCC_WARN_ABOUT_RETURN_TYPE = YES_ERROR;
				GCC_WARN_UNDECLARED_SELECTOR = YES;
				GCC_WARN_UNINITIALIZED_AUTOS = YES_AGGRESSIVE;
				GCC_WARN_UNUSED_FUNCTION = YES;
				GCC_WARN_UNUSED_VARIABLE = YES;
				IPHONEOS_DEPLOYMENT_TARGET = 10.2;
				MTL_ENABLE_DEBUG_INFO = NO;
				SDKROOT = iphoneos;
				SWIFT_OPTIMIZATION_LEVEL = "-Owholemodule";
				TARGETED_DEVICE_FAMILY = "1,2";
				VALIDATE_PRODUCT = YES;
			};
			name = Release;
		};
		914604131EC4AB74005760F1 /* Debug */ = {
			isa = XCBuildConfiguration;
			buildSettings = {
				ASSETCATALOG_COMPILER_APPICON_NAME = AppIcon;
				DEVELOPMENT_TEAM = L6BTPYG3M7;
				INFOPLIST_FILE = Calculator/Info.plist;
				LD_RUNPATH_SEARCH_PATHS = "$(inherited) @executable_path/Frameworks";
				PRODUCT_BUNDLE_IDENTIFIER = com.Bennett.Calculator;
				PRODUCT_NAME = "$(TARGET_NAME)";
				SWIFT_VERSION = 3.0;
			};
			name = Debug;
		};
		914604141EC4AB74005760F1 /* Release */ = {
			isa = XCBuildConfiguration;
			buildSettings = {
				ASSETCATALOG_COMPILER_APPICON_NAME = AppIcon;
				DEVELOPMENT_TEAM = L6BTPYG3M7;
				INFOPLIST_FILE = Calculator/Info.plist;
				LD_RUNPATH_SEARCH_PATHS = "$(inherited) @executable_path/Frameworks";
				PRODUCT_BUNDLE_IDENTIFIER = com.Bennett.Calculator;
				PRODUCT_NAME = "$(TARGET_NAME)";
				SWIFT_VERSION = 3.0;
			};
			name = Release;
		};
/* End XCBuildConfiguration section */

/* Begin XCConfigurationList section */
		914603FB1EC4AB74005760F1 /* Build configuration list for PBXProject "Calculator" */ = {
			isa = XCConfigurationList;
			buildConfigurations = (
				914604101EC4AB74005760F1 /* Debug */,
				914604111EC4AB74005760F1 /* Release */,
			);
			defaultConfigurationIsVisible = 0;
			defaultConfigurationName = Release;
		};
		914604121EC4AB74005760F1 /* Build configuration list for PBXNativeTarget "Calculator" */ = {
			isa = XCConfigurationList;
			buildConfigurations = (
				914604131EC4AB74005760F1 /* Debug */,
				914604141EC4AB74005760F1 /* Release */,
			);
			defaultConfigurationIsVisible = 0;
			defaultConfigurationName = Release;
		};
/* End XCConfigurationList section */
	};
	rootObject = 914603F81EC4AB74005760F1 /* Project object */;
}
